
Microsoft Visual Studio Solution File, Format Version 12.00
# Visual Studio Version 16
VisualStudioVersion = 16.0.31515.178
MinimumVisualStudioVersion = 10.0.40219.1
Project("{9A19103F-16F7-4668-BE54-9A1E7A4F7556}") = "FormulaManager.UsersWebApi", "FormulaManager.UsersWebApi\FormulaManager.UsersWebApi.csproj", "{8CDA3C7E-D281-45DA-B54D-C60453E05603}"
EndProject
Project("{9A19103F-16F7-4668-BE54-9A1E7A4F7556}") = "FormulaManager.DAL.Entities", "FormulaManager.DAL.Entities\FormulaManager.DAL.Entities.csproj", "{F3955A22-BE47-4D49-9257-EABE8253D8F3}"
EndProject
Project("{9A19103F-16F7-4668-BE54-9A1E7A4F7556}") = "FormulaManager.DAL.Persistance", "FormulaManager.DAL.Persistance\FormulaManager.DAL.Persistance.csproj", "{AB017AD3-B401-41C9-BE25-23BA3B0465AF}"
EndProject
Project("{FAE04EC0-301F-11D3-BF4B-00C04F79EFBC}") = "FormulaManager.BusinessLogic.Repository", "FormulaManager.BusinessLogic.Repository\FormulaManager.BusinessLogic.Repository.csproj", "{E51C6483-640E-4A86-A763-CC20F2FD1324}"
EndProject
Project("{FAE04EC0-301F-11D3-BF4B-00C04F79EFBC}") = "FormulaManager.BusinessLogic.Services", "FormulaManager.BusinessLogic.Services\FormulaManager.BusinessLogic.Services.csproj", "{3AC408CE-0DF9-4272-91E2-748C0977640F}"
EndProject
Global
	GlobalSection(SolutionConfigurationPlatforms) = preSolution
		Debug|Any CPU = Debug|Any CPU
		Release|Any CPU = Release|Any CPU
	EndGlobalSection
	GlobalSection(ProjectConfigurationPlatforms) = postSolution
		{8CDA3C7E-D281-45DA-B54D-C60453E05603}.Debug|Any CPU.ActiveCfg = Debug|Any CPU
		{8CDA3C7E-D281-45DA-B54D-C60453E05603}.Debug|Any CPU.Build.0 = Debug|Any CPU
		{8CDA3C7E-D281-45DA-B54D-C60453E05603}.Release|Any CPU.ActiveCfg = Release|Any CPU
		{8CDA3C7E-D281-45DA-B54D-C60453E05603}.Release|Any CPU.Build.0 = Release|Any CPU
		{F3955A22-BE47-4D49-9257-EABE8253D8F3}.Debug|Any CPU.ActiveCfg = Debug|Any CPU
		{F3955A22-BE47-4D49-9257-EABE8253D8F3}.Debug|Any CPU.Build.0 = Debug|Any CPU
		{F3955A22-BE47-4D49-9257-EABE8253D8F3}.Release|Any CPU.ActiveCfg = Release|Any CPU
		{F3955A22-BE47-4D49-9257-EABE8253D8F3}.Release|Any CPU.Build.0 = Release|Any CPU
		{AB017AD3-B401-41C9-BE25-23BA3B0465AF}.Debug|Any CPU.ActiveCfg = Debug|Any CPU
		{AB017AD3-B401-41C9-BE25-23BA3B0465AF}.Debug|Any CPU.Build.0 = Debug|Any CPU
		{AB017AD3-B401-41C9-BE25-23BA3B0465AF}.Release|Any CPU.ActiveCfg = Release|Any CPU
		{AB017AD3-B401-41C9-BE25-23BA3B0465AF}.Release|Any CPU.Build.0 = Release|Any CPU
		{E51C6483-640E-4A86-A763-CC20F2FD1324}.Debug|Any CPU.ActiveCfg = Debug|Any CPU
		{E51C6483-640E-4A86-A763-CC20F2FD1324}.Debug|Any CPU.Build.0 = Debug|Any CPU
		{E51C6483-640E-4A86-A763-CC20F2FD1324}.Release|Any CPU.ActiveCfg = Release|Any CPU
		{E51C6483-640E-4A86-A763-CC20F2FD1324}.Release|Any CPU.Build.0 = Release|Any CPU
		{3AC408CE-0DF9-4272-91E2-748C0977640F}.Debug|Any CPU.ActiveCfg = Debug|Any CPU
		{3AC408CE-0DF9-4272-91E2-748C0977640F}.Debug|Any CPU.Build.0 = Debug|Any CPU
		{3AC408CE-0DF9-4272-91E2-748C0977640F}.Release|Any CPU.ActiveCfg = Release|Any CPU
		{3AC408CE-0DF9-4272-91E2-748C0977640F}.Release|Any CPU.Build.0 = Release|Any CPU
	EndGlobalSection
	GlobalSection(SolutionProperties) = preSolution
		HideSolutionNode = FALSE
	EndGlobalSection
	GlobalSection(ExtensibilityGlobals) = postSolution
		SolutionGuid = {0389D561-BDF5-4E28-AC1F-6A3704F8547E}
	EndGlobalSection
EndGlobal
