
Microsoft Visual Studio Solution File, Format Version 12.00
# Visual Studio Version 16
VisualStudioVersion = 16.0.31515.178
MinimumVisualStudioVersion = 10.0.40219.1
Project("{2150E333-8FDC-42A3-9474-1A3956D46DE8}") = "src", "src", "{97854BE6-19D2-4100-B7C8-AFBBA6B1F754}"
EndProject
Project("{2150E333-8FDC-42A3-9474-1A3956D46DE8}") = "tests", "tests", "{73B98B83-79BB-4D5A-8421-BB4FC39162E5}"
EndProject
Project("{FAE04EC0-301F-11D3-BF4B-00C04F79EFBC}") = "Domain", "Domain\Domain.csproj", "{4E3C2A6B-5B5C-49EE-9A7F-7A9670AB0399}"
EndProject
Project("{FAE04EC0-301F-11D3-BF4B-00C04F79EFBC}") = "Infrastructure", "Infrastructure\Infrastructure.csproj", "{8FD6B730-EF43-4403-92D0-4CBD0B7A02A2}"
EndProject
Project("{FAE04EC0-301F-11D3-BF4B-00C04F79EFBC}") = "Application", "Application\Application.csproj", "{538CA8B9-8521-4F37-AB20-A9B15207D39F}"
EndProject
Project("{FAE04EC0-301F-11D3-BF4B-00C04F79EFBC}") = "WebApi", "WebApi\WebApi.csproj", "{8CF1A1AB-7916-4FFE-A8DE-B60BADB1BF9D}"
EndProject
Global
	GlobalSection(SolutionConfigurationPlatforms) = preSolution
		Debug|Any CPU = Debug|Any CPU
		Release|Any CPU = Release|Any CPU
	EndGlobalSection
	GlobalSection(ProjectConfigurationPlatforms) = postSolution
		{4E3C2A6B-5B5C-49EE-9A7F-7A9670AB0399}.Debug|Any CPU.ActiveCfg = Debug|Any CPU
		{4E3C2A6B-5B5C-49EE-9A7F-7A9670AB0399}.Debug|Any CPU.Build.0 = Debug|Any CPU
		{4E3C2A6B-5B5C-49EE-9A7F-7A9670AB0399}.Release|Any CPU.ActiveCfg = Release|Any CPU
		{4E3C2A6B-5B5C-49EE-9A7F-7A9670AB0399}.Release|Any CPU.Build.0 = Release|Any CPU
		{8FD6B730-EF43-4403-92D0-4CBD0B7A02A2}.Debug|Any CPU.ActiveCfg = Debug|Any CPU
		{8FD6B730-EF43-4403-92D0-4CBD0B7A02A2}.Debug|Any CPU.Build.0 = Debug|Any CPU
		{8FD6B730-EF43-4403-92D0-4CBD0B7A02A2}.Release|Any CPU.ActiveCfg = Release|Any CPU
		{8FD6B730-EF43-4403-92D0-4CBD0B7A02A2}.Release|Any CPU.Build.0 = Release|Any CPU
		{538CA8B9-8521-4F37-AB20-A9B15207D39F}.Debug|Any CPU.ActiveCfg = Debug|Any CPU
		{538CA8B9-8521-4F37-AB20-A9B15207D39F}.Debug|Any CPU.Build.0 = Debug|Any CPU
		{538CA8B9-8521-4F37-AB20-A9B15207D39F}.Release|Any CPU.ActiveCfg = Release|Any CPU
		{538CA8B9-8521-4F37-AB20-A9B15207D39F}.Release|Any CPU.Build.0 = Release|Any CPU
		{8CF1A1AB-7916-4FFE-A8DE-B60BADB1BF9D}.Debug|Any CPU.ActiveCfg = Debug|Any CPU
		{8CF1A1AB-7916-4FFE-A8DE-B60BADB1BF9D}.Debug|Any CPU.Build.0 = Debug|Any CPU
		{8CF1A1AB-7916-4FFE-A8DE-B60BADB1BF9D}.Release|Any CPU.ActiveCfg = Release|Any CPU
		{8CF1A1AB-7916-4FFE-A8DE-B60BADB1BF9D}.Release|Any CPU.Build.0 = Release|Any CPU
	EndGlobalSection
	GlobalSection(SolutionProperties) = preSolution
		HideSolutionNode = FALSE
	EndGlobalSection
	GlobalSection(NestedProjects) = preSolution
		{4E3C2A6B-5B5C-49EE-9A7F-7A9670AB0399} = {97854BE6-19D2-4100-B7C8-AFBBA6B1F754}
		{8FD6B730-EF43-4403-92D0-4CBD0B7A02A2} = {97854BE6-19D2-4100-B7C8-AFBBA6B1F754}
		{538CA8B9-8521-4F37-AB20-A9B15207D39F} = {97854BE6-19D2-4100-B7C8-AFBBA6B1F754}
		{8CF1A1AB-7916-4FFE-A8DE-B60BADB1BF9D} = {97854BE6-19D2-4100-B7C8-AFBBA6B1F754}
	EndGlobalSection
	GlobalSection(ExtensibilityGlobals) = postSolution
		SolutionGuid = {AD7C5956-2B16-4B9C-962D-58C956A91DF6}
	EndGlobalSection
EndGlobal
